<!DOCTYPE html>
<html lang="en">
<head>
  <meta charset="UTF-8">
  <meta name="viewport" content="width=device-width, initial-scale=1.0">
  <title>AI Chat</title>
  <style>
    body {font-family: system-ui; background: #0d0d0d; color: #e0e0e0; padding: 2rem; display: flex; align-items: center; justify-content: center;}
    .chat {background: #1a1a1a; padding: 2rem; border-radius: 12px; width: 100%; max-width: 400px; box-shadow: 0 4px 12px rgba(0,0,0,0.5);}
    input {width: 100%; padding: 0.75rem; margin: 0.5rem 0; border: none; border-radius: 6px; background: #000; color: #e0e0e0;}
    button {background: #00d4aa; color: #000; border: none; padding: 0.75rem 1.5rem; border-radius: 6px; cursor: pointer; width: 100%;}
    button:hover {background: #00f0c0;}
    .output {margin-top: 1rem; min-height: 30px; }
  </style>
</head>
<body>

<div class="chat">
  <h2>AI Assistant</h2>
  <input type="text" id="userInput" placeholder="Type here...">
  <button onclick="send()">Send</button>
  <div class="output" id="output">Hello! I'm ready.</div>
</div>

<script>
function send() {
  const input = document.getElementById('userInput');
  const output = document.getElementById('output');
  const text = input.value.trim();
  
  if (!text) {
    output.textContent = "Please type something.";
    return;
  }
  
  output.textContent = "Thinking...";
  
  // Simple response logic
  const lower = text.toLowerCase();
  let response;
  
  if (lower.includes('hello') || lower.includes('hi')) {
    response = 'Hello! How can I help?';
  } else if (lower.includes('time')) {
    response = 'It is ' + new Date().toLocaleTimeString();
  } else if (lower.includes('help')) {
    response = 'I can chat or answer basic questions.';
  } else {
    response = 'Interesting! Tell me more.';
  }
  
  setTimeout(() => {
    output.textContent = response;
  }, 500);
  
  input.value = '';
}
</script>

</body>
</html>
